
Microsoft Visual Studio Solution File, Format Version 12.00
# Visual Studio Version 17
VisualStudioVersion = 17.5.33516.290
MinimumVisualStudioVersion = 10.0.40219.1
Project("{FAE04EC0-301F-11D3-BF4B-00C04F79EFBC}") = "ProteinTrackerAPI", "ProteinTrackerAPI\ProteinTrackerAPI.csproj", "{F7774885-9F27-46F5-9607-0DFA7987E711}"
EndProject
Global
	GlobalSection(SolutionConfigurationPlatforms) = preSolution
		Debug|Any CPU = Debug|Any CPU
		Release|Any CPU = Release|Any CPU
	EndGlobalSection
	GlobalSection(ProjectConfigurationPlatforms) = postSolution
		{F7774885-9F27-46F5-9607-0DFA7987E711}.Debug|Any CPU.ActiveCfg = Debug|Any CPU
		{F7774885-9F27-46F5-9607-0DFA7987E711}.Debug|Any CPU.Build.0 = Debug|Any CPU
		{F7774885-9F27-46F5-9607-0DFA7987E711}.Release|Any CPU.ActiveCfg = Release|Any CPU
		{F7774885-9F27-46F5-9607-0DFA7987E711}.Release|Any CPU.Build.0 = Release|Any CPU
	EndGlobalSection
	GlobalSection(SolutionProperties) = preSolution
		HideSolutionNode = FALSE
	EndGlobalSection
	GlobalSection(ExtensibilityGlobals) = postSolution
		SolutionGuid = {748F9A80-66EF-4DB3-8D0B-512DDD802DE4}
	EndGlobalSection
EndGlobal
